
Microsoft Visual Studio Solution File, Format Version 12.00
# Visual Studio Version 17
VisualStudioVersion = 17.4.33213.308
MinimumVisualStudioVersion = 10.0.40219.1
Project("{FAE04EC0-301F-11D3-BF4B-00C04F79EFBC}") = "car", "car\car.csproj", "{189E4B30-56BE-43A5-A07C-F881551DB7B2}"
EndProject
Global
	GlobalSection(SolutionConfigurationPlatforms) = preSolution
		Debug|Any CPU = Debug|Any CPU
		Release|Any CPU = Release|Any CPU
	EndGlobalSection
	GlobalSection(ProjectConfigurationPlatforms) = postSolution
		{189E4B30-56BE-43A5-A07C-F881551DB7B2}.Debug|Any CPU.ActiveCfg = Debug|Any CPU
		{189E4B30-56BE-43A5-A07C-F881551DB7B2}.Debug|Any CPU.Build.0 = Debug|Any CPU
		{189E4B30-56BE-43A5-A07C-F881551DB7B2}.Release|Any CPU.ActiveCfg = Release|Any CPU
		{189E4B30-56BE-43A5-A07C-F881551DB7B2}.Release|Any CPU.Build.0 = Release|Any CPU
	EndGlobalSection
	GlobalSection(SolutionProperties) = preSolution
		HideSolutionNode = FALSE
	EndGlobalSection
	GlobalSection(ExtensibilityGlobals) = postSolution
		SolutionGuid = {7CF1E63E-933A-4E0C-906B-DE67493EC1DE}
	EndGlobalSection
EndGlobal
